<?xml version="1.0" encoding="utf-8"?>
<Project ToolsVersion="4.0" xmlns="http://schemas.microsoft.com/developer/msbuild/2003">
  <ItemGroup>
    <Filter Include="Source Files">
      <UniqueIdentifier>{4FC737F1-C7A5-4376-A066-2A32D752A2FF}</UniqueIdentifier>
      <Extensions>cpp;c;cc;cxx;def;odl;idl;hpj;bat;asm;asmx</Extensions>
    </Filter>
    <Filter Include="Header Files">
      <UniqueIdentifier>{93995380-89BD-4b04-88EB-625FBE52EBFB}</UniqueIdentifier>
      <Extensions>h;hh;hpp;hxx;hm;inl;inc;xsd</Extensions>
    </Filter>
    <Filter Include="Resource Files">
      <UniqueIdentifier>{67DA6AB6-F800-4c08-8B7A-83BB121AAD01}</UniqueIdentifier>
      <Extensions>rc;ico;cur;bmp;dlg;rc2;rct;bin;rgs;gif;jpg;jpeg;jpe;resx;tiff;tif;png;wav;mfcribbon-ms</Extensions>
    </Filter>
    <Filter Include="Header Files\Test">
      <UniqueIdentifier>{abaf60cf-f9f9-4ef2-964b-7d6ef905180e}</UniqueIdentifier>
    </Filter>
    <Filter Include="Source Files\Test">
      <UniqueIdentifier>{ffd51fe2-1502-4a62-bc39-78be62234ce7}</UniqueIdentifier>
    </Filter>
    <Filter Include="Header Files\Test\Common">
      <UniqueIdentifier>{e1c82b98-c3c0-4d26-87e7-a0577817885a}</UniqueIdentifier>
    </Filter>
    <Filter Include="Header Files\Test\DigestTest">
      <UniqueIdentifier>{9430d98f-14d8-4b05-83ca-42137391cf78}</UniqueIdentifier>
    </Filter>
    <Filter Include="Source Files\Test\DigestTest">
      <UniqueIdentifier>{284cdecb-018d-4169-a19e-db0e645abe30}</UniqueIdentifier>
    </Filter>
    <Filter Include="Source Files\Blake2C">
      <UniqueIdentifier>{673b062a-5cd1-4dc7-b5c1-aee7d487e0b5}</UniqueIdentifier>
    </Filter>
    <Filter Include="Header Files\Test\Vectors">
      <UniqueIdentifier>{8ffe9c6a-90b5-4f91-9f96-1c0ec792e368}</UniqueIdentifier>
    </Filter>
    <Filter Include="Header Files\Blake2C">
      <UniqueIdentifier>{535542c3-b341-462e-8e24-a8475d188479}</UniqueIdentifier>
    </Filter>
  </ItemGroup>
  <ItemGroup>
    <ClInclude Include="..\..\Test\ConsoleUtils.h">
      <Filter>Header Files\Test\Common</Filter>
    </ClInclude>
    <ClInclude Include="..\..\Test\HexConverter.h">
      <Filter>Header Files\Test\Common</Filter>
    </ClInclude>
    <ClInclude Include="..\..\Test\ITest.h">
      <Filter>Header Files\Test\Common</Filter>
    </ClInclude>
    <ClInclude Include="..\..\Test\TestCommon.h">
      <Filter>Header Files\Test\Common</Filter>
    </ClInclude>
    <ClInclude Include="..\..\Test\TestEvent.h">
      <Filter>Header Files\Test\Common</Filter>
    </ClInclude>
    <ClInclude Include="..\..\Test\TestEventHandler.h">
      <Filter>Header Files\Test\Common</Filter>
    </ClInclude>
    <ClInclude Include="..\..\Test\TestException.h">
      <Filter>Header Files\Test\Common</Filter>
    </ClInclude>
    <ClInclude Include="..\..\Test\TestUtils.h">
      <Filter>Header Files\Test\Common</Filter>
    </ClInclude>
    <ClInclude Include="..\..\Test\DigestSpeedTest.h">
      <Filter>Header Files\Test\DigestTest</Filter>
    </ClInclude>
    <ClInclude Include="..\..\Test\Blake2Test.h">
      <Filter>Header Files\Test\DigestTest</Filter>
    </ClInclude>
    <ClInclude Include="..\..\Test\CSPRsg.h">
      <Filter>Header Files\Test\Common</Filter>
    </ClInclude>
    <ClInclude Include="..\..\BlakeC\blake2s-round.h">
      <Filter>Header Files\Blake2C</Filter>
    </ClInclude>
    <ClInclude Include="..\..\BlakeC\blake2s-load-xop.h">
      <Filter>Header Files\Blake2C</Filter>
    </ClInclude>
    <ClInclude Include="..\..\BlakeC\blake2s-load-sse41.h">
      <Filter>Header Files\Blake2C</Filter>
    </ClInclude>
    <ClInclude Include="..\..\BlakeC\blake2s-load-sse2.h">
      <Filter>Header Files\Blake2C</Filter>
    </ClInclude>
    <ClInclude Include="..\..\BlakeC\Blake2Ref.h">
      <Filter>Header Files\Blake2C</Filter>
    </ClInclude>
    <ClInclude Include="..\..\BlakeC\blake2-impl.h">
      <Filter>Header Files\Blake2C</Filter>
    </ClInclude>
    <ClInclude Include="..\..\BlakeC\Blake2Diff.h">
      <Filter>Header Files\Blake2C</Filter>
    </ClInclude>
    <ClInclude Include="..\..\BlakeC\blake2-config.h">
      <Filter>Header Files\Blake2C</Filter>
    </ClInclude>
    <ClInclude Include="..\..\BlakeC\Blake2bX.h">
      <Filter>Header Files\Blake2C</Filter>
    </ClInclude>
    <ClInclude Include="..\..\BlakeC\blake2b-round.h">
      <Filter>Header Files\Blake2C</Filter>
    </ClInclude>
    <ClInclude Include="..\..\BlakeC\blake2b-load-sse41.h">
      <Filter>Header Files\Blake2C</Filter>
    </ClInclude>
    <ClInclude Include="..\..\BlakeC\blake2b-load-sse2.h">
      <Filter>Header Files\Blake2C</Filter>
    </ClInclude>
    <ClInclude Include="..\..\BlakeC\blake2.h">
      <Filter>Header Files\Blake2C</Filter>
    </ClInclude>
  </ItemGroup>
  <ItemGroup>
    <ClCompile Include="..\..\Test\Test.cpp">
      <Filter>Source Files</Filter>
    </ClCompile>
    <ClCompile Include="..\..\Test\Blake2Test.cpp">
      <Filter>Source Files\Test\DigestTest</Filter>
    </ClCompile>
    <ClCompile Include="..\..\Test\DigestSpeedTest.cpp">
      <Filter>Source Files\Test\DigestTest</Filter>
    </ClCompile>
    <ClCompile Include="..\..\BlakeC\blake2b.c">
      <Filter>Source Files\Blake2C</Filter>
    </ClCompile>
    <ClCompile Include="..\..\BlakeC\blake2bp.c">
      <Filter>Source Files\Blake2C</Filter>
    </ClCompile>
    <ClCompile Include="..\..\BlakeC\blake2s.c">
      <Filter>Source Files\Blake2C</Filter>
    </ClCompile>
    <ClCompile Include="..\..\BlakeC\blake2sp.c">
      <Filter>Source Files\Blake2C</Filter>
    </ClCompile>
  </ItemGroup>
  <ItemGroup>
    <Text Include="Vectors\blake2b-kat.txt">
      <Filter>Header Files\Test\Vectors</Filter>
    </Text>
    <Text Include="Vectors\blake2bp-kat.txt">
      <Filter>Header Files\Test\Vectors</Filter>
    </Text>
    <Text Include="Vectors\blake2s-kat.txt">
      <Filter>Header Files\Test\Vectors</Filter>
    </Text>
    <Text Include="Vectors\blake2sp-kat.txt">
      <Filter>Header Files\Test\Vectors</Filter>
    </Text>
  </ItemGroup>
</Project>