<?xml version="1.0" encoding="utf-8"?>
<Project ToolsVersion="4.0" xmlns="http://schemas.microsoft.com/developer/msbuild/2003">
  <ItemGroup>
    <Filter Include="Source Files">
      <UniqueIdentifier>{4FC737F1-C7A5-4376-A066-2A32D752A2FF}</UniqueIdentifier>
      <Extensions>cpp;c;cc;cxx;def;odl;idl;hpj;bat;asm;asmx</Extensions>
    </Filter>
    <Filter Include="Header Files">
      <UniqueIdentifier>{93995380-89BD-4b04-88EB-625FBE52EBFB}</UniqueIdentifier>
      <Extensions>h;hh;hpp;hxx;hm;inl;inc;xsd</Extensions>
    </Filter>
    <Filter Include="Resource Files">
      <UniqueIdentifier>{67DA6AB6-F800-4c08-8B7A-83BB121AAD01}</UniqueIdentifier>
      <Extensions>rc;ico;cur;bmp;dlg;rc2;rct;bin;rgs;gif;jpg;jpeg;jpe;resx;tiff;tif;png;wav;mfcribbon-ms</Extensions>
    </Filter>
  </ItemGroup>
  <ItemGroup>
    <ClInclude Include="..\..\BlakeC\blake2.h">
      <Filter>Header Files</Filter>
    </ClInclude>
    <ClInclude Include="..\..\BlakeC\blake2b-load-sse2.h">
      <Filter>Header Files</Filter>
    </ClInclude>
    <ClInclude Include="..\..\BlakeC\blake2b-load-sse41.h">
      <Filter>Header Files</Filter>
    </ClInclude>
    <ClInclude Include="..\..\BlakeC\blake2b-round.h">
      <Filter>Header Files</Filter>
    </ClInclude>
    <ClInclude Include="..\..\BlakeC\Blake2bX.h">
      <Filter>Header Files</Filter>
    </ClInclude>
    <ClInclude Include="..\..\BlakeC\blake2-config.h">
      <Filter>Header Files</Filter>
    </ClInclude>
    <ClInclude Include="..\..\BlakeC\blake2-impl.h">
      <Filter>Header Files</Filter>
    </ClInclude>
    <ClInclude Include="..\..\BlakeC\blake2s-load-sse2.h">
      <Filter>Header Files</Filter>
    </ClInclude>
    <ClInclude Include="..\..\BlakeC\blake2s-load-sse41.h">
      <Filter>Header Files</Filter>
    </ClInclude>
    <ClInclude Include="..\..\BlakeC\blake2s-load-xop.h">
      <Filter>Header Files</Filter>
    </ClInclude>
    <ClInclude Include="..\..\BlakeC\blake2s-round.h">
      <Filter>Header Files</Filter>
    </ClInclude>
  </ItemGroup>
  <ItemGroup>
    <ClCompile Include="..\..\BlakeC\Blake2bX.cpp">
      <Filter>Header Files</Filter>
    </ClCompile>
    <ClCompile Include="..\..\BlakeC\blake2sp.c">
      <Filter>Source Files</Filter>
    </ClCompile>
    <ClCompile Include="..\..\BlakeC\blake2s.c">
      <Filter>Source Files</Filter>
    </ClCompile>
    <ClCompile Include="..\..\BlakeC\blake2bp.c">
      <Filter>Source Files</Filter>
    </ClCompile>
    <ClCompile Include="..\..\BlakeC\blake2b.c">
      <Filter>Source Files</Filter>
    </ClCompile>
  </ItemGroup>
</Project>